
Microsoft Visual Studio Solution File, Format Version 11.00
# Visual Studio 2010
Project("{FAE04EC0-301F-11D3-BF4B-00C04F79EFBC}") = "SanalGerceklikTest", "Assembly-CSharp.csproj", "{2458EE46-991E-3DD4-8587-5B6FBC44F448}"
EndProject
Project("{FAE04EC0-301F-11D3-BF4B-00C04F79EFBC}") = "SanalGerceklikTest", "Assembly-CSharp-Editor.csproj", "{EFF4B7FD-752B-292B-262A-0BDB07FA015E}"
EndProject
Global
	GlobalSection(SolutionConfigurationPlatforms) = preSolution
		Debug|Any CPU = Debug|Any CPU
		Release|Any CPU = Release|Any CPU
	EndGlobalSection
	GlobalSection(ProjectConfigurationPlatforms) = postSolution
		{2458EE46-991E-3DD4-8587-5B6FBC44F448}.Debug|Any CPU.ActiveCfg = Debug|Any CPU
		{2458EE46-991E-3DD4-8587-5B6FBC44F448}.Debug|Any CPU.Build.0 = Debug|Any CPU
		{2458EE46-991E-3DD4-8587-5B6FBC44F448}.Release|Any CPU.ActiveCfg = Release|Any CPU
		{2458EE46-991E-3DD4-8587-5B6FBC44F448}.Release|Any CPU.Build.0 = Release|Any CPU
		{EFF4B7FD-752B-292B-262A-0BDB07FA015E}.Debug|Any CPU.ActiveCfg = Debug|Any CPU
		{EFF4B7FD-752B-292B-262A-0BDB07FA015E}.Debug|Any CPU.Build.0 = Debug|Any CPU
		{EFF4B7FD-752B-292B-262A-0BDB07FA015E}.Release|Any CPU.ActiveCfg = Release|Any CPU
		{EFF4B7FD-752B-292B-262A-0BDB07FA015E}.Release|Any CPU.Build.0 = Release|Any CPU
	EndGlobalSection
	GlobalSection(SolutionProperties) = preSolution
		HideSolutionNode = FALSE
	EndGlobalSection
	GlobalSection(MonoDevelopProperties) = preSolution
		StartupItem = Assembly-CSharp.csproj
	EndGlobalSection
EndGlobal
